// !$*UTF8*$!
{
	archiveVersion = 1;
	classes = {
	};
	objectVersion = 50;
	objects = {

/* Begin PBXBuildFile section */
		AC3C51F221B0C45D00FBE342 /* DriverProfileController.swift in Sources */ = {isa = PBXBuildFile; fileRef = AC3C51F121B0C45D00FBE342 /* DriverProfileController.swift */; };
		AC5A188F21B184F20022ABA7 /* DriverHelper.swift in Sources */ = {isa = PBXBuildFile; fileRef = AC5A188E21B184F20022ABA7 /* DriverHelper.swift */; };
		AC84A9BB21B0780700AD4903 /* Driver.swift in Sources */ = {isa = PBXBuildFile; fileRef = AC84A9BA21B0780700AD4903 /* Driver.swift */; };
		ACFD0C4E21B04BF1004AD7E5 /* AppDelegate.swift in Sources */ = {isa = PBXBuildFile; fileRef = ACFD0C4D21B04BF1004AD7E5 /* AppDelegate.swift */; };
		ACFD0C5021B04BF1004AD7E5 /* DriversController.swift in Sources */ = {isa = PBXBuildFile; fileRef = ACFD0C4F21B04BF1004AD7E5 /* DriversController.swift */; };
		ACFD0C5321B04BF1004AD7E5 /* Main.storyboard in Resources */ = {isa = PBXBuildFile; fileRef = ACFD0C5121B04BF1004AD7E5 /* Main.storyboard */; };
		ACFD0C5521B04BF1004AD7E5 /* Assets.xcassets in Resources */ = {isa = PBXBuildFile; fileRef = ACFD0C5421B04BF1004AD7E5 /* Assets.xcassets */; };
		ACFD0C5821B04BF1004AD7E5 /* LaunchScreen.storyboard in Resources */ = {isa = PBXBuildFile; fileRef = ACFD0C5621B04BF1004AD7E5 /* LaunchScreen.storyboard */; };
		ACFD0C6021B05A37004AD7E5 /* ProfileController.swift in Sources */ = {isa = PBXBuildFile; fileRef = ACFD0C5F21B05A37004AD7E5 /* ProfileController.swift */; };
		ACFD0C6221B05B96004AD7E5 /* EditProfileController.swift in Sources */ = {isa = PBXBuildFile; fileRef = ACFD0C6121B05B96004AD7E5 /* EditProfileController.swift */; };
/* End PBXBuildFile section */

/* Begin PBXFileReference section */
		AC3C51F121B0C45D00FBE342 /* DriverProfileController.swift */ = {isa = PBXFileReference; lastKnownFileType = sourcecode.swift; path = DriverProfileController.swift; sourceTree = "<group>"; };
		AC5A188E21B184F20022ABA7 /* DriverHelper.swift */ = {isa = PBXFileReference; lastKnownFileType = sourcecode.swift; path = DriverHelper.swift; sourceTree = "<group>"; };
		AC84A9BA21B0780700AD4903 /* Driver.swift */ = {isa = PBXFileReference; lastKnownFileType = sourcecode.swift; path = Driver.swift; sourceTree = "<group>"; };
		ACFD0C4A21B04BF1004AD7E5 /* Ricky_Hu_Project_3.app */ = {isa = PBXFileReference; explicitFileType = wrapper.application; includeInIndex = 0; path = Ricky_Hu_Project_3.app; sourceTree = BUILT_PRODUCTS_DIR; };
		ACFD0C4D21B04BF1004AD7E5 /* AppDelegate.swift */ = {isa = PBXFileReference; lastKnownFileType = sourcecode.swift; path = AppDelegate.swift; sourceTree = "<group>"; };
		ACFD0C4F21B04BF1004AD7E5 /* DriversController.swift */ = {isa = PBXFileReference; lastKnownFileType = sourcecode.swift; path = DriversController.swift; sourceTree = "<group>"; };
		ACFD0C5221B04BF1004AD7E5 /* Base */ = {isa = PBXFileReference; lastKnownFileType = file.storyboard; name = Base; path = Base.lproj/Main.storyboard; sourceTree = "<group>"; };
		ACFD0C5421B04BF1004AD7E5 /* Assets.xcassets */ = {isa = PBXFileReference; lastKnownFileType = folder.assetcatalog; path = Assets.xcassets; sourceTree = "<group>"; };
		ACFD0C5721B04BF1004AD7E5 /* Base */ = {isa = PBXFileReference; lastKnownFileType = file.storyboard; name = Base; path = Base.lproj/LaunchScreen.storyboard; sourceTree = "<group>"; };
		ACFD0C5921B04BF1004AD7E5 /* Info.plist */ = {isa = PBXFileReference; lastKnownFileType = text.plist.xml; path = Info.plist; sourceTree = "<group>"; };
		ACFD0C5F21B05A37004AD7E5 /* ProfileController.swift */ = {isa = PBXFileReference; lastKnownFileType = sourcecode.swift; path = ProfileController.swift; sourceTree = "<group>"; };
		ACFD0C6121B05B96004AD7E5 /* EditProfileController.swift */ = {isa = PBXFileReference; lastKnownFileType = sourcecode.swift; path = EditProfileController.swift; sourceTree = "<group>"; };
/* End PBXFileReference section */

/* Begin PBXFrameworksBuildPhase section */
		ACFD0C4721B04BF1004AD7E5 /* Frameworks */ = {
			isa = PBXFrameworksBuildPhase;
			buildActionMask = 2147483647;
			files = (
			);
			runOnlyForDeploymentPostprocessing = 0;
		};
/* End PBXFrameworksBuildPhase section */

/* Begin PBXGroup section */
		AC84A9B921B077E600AD4903 /* Model */ = {
			isa = PBXGroup;
			children = (
				AC84A9BA21B0780700AD4903 /* Driver.swift */,
				AC5A188E21B184F20022ABA7 /* DriverHelper.swift */,
			);
			path = Model;
			sourceTree = "<group>";
		};
		ACFD0C4121B04BF0004AD7E5 = {
			isa = PBXGroup;
			children = (
				ACFD0C4C21B04BF1004AD7E5 /* Ricky_Hu_Project_3 */,
				ACFD0C4B21B04BF1004AD7E5 /* Products */,
			);
			sourceTree = "<group>";
		};
		ACFD0C4B21B04BF1004AD7E5 /* Products */ = {
			isa = PBXGroup;
			children = (
				ACFD0C4A21B04BF1004AD7E5 /* Ricky_Hu_Project_3.app */,
			);
			name = Products;
			sourceTree = "<group>";
		};
		ACFD0C4C21B04BF1004AD7E5 /* Ricky_Hu_Project_3 */ = {
			isa = PBXGroup;
			children = (
				AC84A9B921B077E600AD4903 /* Model */,
				ACFD0C4D21B04BF1004AD7E5 /* AppDelegate.swift */,
				ACFD0C4F21B04BF1004AD7E5 /* DriversController.swift */,
				AC3C51F121B0C45D00FBE342 /* DriverProfileController.swift */,
				ACFD0C5F21B05A37004AD7E5 /* ProfileController.swift */,
				ACFD0C6121B05B96004AD7E5 /* EditProfileController.swift */,
				ACFD0C5121B04BF1004AD7E5 /* Main.storyboard */,
				ACFD0C5421B04BF1004AD7E5 /* Assets.xcassets */,
				ACFD0C5621B04BF1004AD7E5 /* LaunchScreen.storyboard */,
				ACFD0C5921B04BF1004AD7E5 /* Info.plist */,
			);
			path = Ricky_Hu_Project_3;
			sourceTree = "<group>";
		};
/* End PBXGroup section */

/* Begin PBXNativeTarget section */
		ACFD0C4921B04BF1004AD7E5 /* Ricky_Hu_Project_3 */ = {
			isa = PBXNativeTarget;
			buildConfigurationList = ACFD0C5C21B04BF1004AD7E5 /* Build configuration list for PBXNativeTarget "Ricky_Hu_Project_3" */;
			buildPhases = (
				ACFD0C4621B04BF1004AD7E5 /* Sources */,
				ACFD0C4721B04BF1004AD7E5 /* Frameworks */,
				ACFD0C4821B04BF1004AD7E5 /* Resources */,
			);
			buildRules = (
			);
			dependencies = (
			);
			name = Ricky_Hu_Project_3;
			productName = Ricky_Hu_Project_3;
			productReference = ACFD0C4A21B04BF1004AD7E5 /* Ricky_Hu_Project_3.app */;
			productType = "com.apple.product-type.application";
		};
/* End PBXNativeTarget section */

/* Begin PBXProject section */
		ACFD0C4221B04BF0004AD7E5 /* Project object */ = {
			isa = PBXProject;
			attributes = {
				LastSwiftUpdateCheck = 0940;
				LastUpgradeCheck = 0940;
				ORGANIZATIONNAME = "Hu, Ricky Binhai";
				TargetAttributes = {
					ACFD0C4921B04BF1004AD7E5 = {
						CreatedOnToolsVersion = 9.4.1;
					};
				};
			};
			buildConfigurationList = ACFD0C4521B04BF0004AD7E5 /* Build configuration list for PBXProject "Ricky_Hu_Project_3" */;
			compatibilityVersion = "Xcode 9.3";
			developmentRegion = en;
			hasScannedForEncodings = 0;
			knownRegions = (
				en,
				Base,
			);
			mainGroup = ACFD0C4121B04BF0004AD7E5;
			productRefGroup = ACFD0C4B21B04BF1004AD7E5 /* Products */;
			projectDirPath = "";
			projectRoot = "";
			targets = (
				ACFD0C4921B04BF1004AD7E5 /* Ricky_Hu_Project_3 */,
			);
		};
/* End PBXProject section */

/* Begin PBXResourcesBuildPhase section */
		ACFD0C4821B04BF1004AD7E5 /* Resources */ = {
			isa = PBXResourcesBuildPhase;
			buildActionMask = 2147483647;
			files = (
				ACFD0C5821B04BF1004AD7E5 /* LaunchScreen.storyboard in Resources */,
				ACFD0C5521B04BF1004AD7E5 /* Assets.xcassets in Resources */,
				ACFD0C5321B04BF1004AD7E5 /* Main.storyboard in Resources */,
			);
			runOnlyForDeploymentPostprocessing = 0;
		};
/* End PBXResourcesBuildPhase section */

/* Begin PBXSourcesBuildPhase section */
		ACFD0C4621B04BF1004AD7E5 /* Sources */ = {
			isa = PBXSourcesBuildPhase;
			buildActionMask = 2147483647;
			files = (
				AC84A9BB21B0780700AD4903 /* Driver.swift in Sources */,
				ACFD0C5021B04BF1004AD7E5 /* DriversController.swift in Sources */,
				ACFD0C6221B05B96004AD7E5 /* EditProfileController.swift in Sources */,
				AC3C51F221B0C45D00FBE342 /* DriverProfileController.swift in Sources */,
				AC5A188F21B184F20022ABA7 /* DriverHelper.swift in Sources */,
				ACFD0C4E21B04BF1004AD7E5 /* AppDelegate.swift in Sources */,
				ACFD0C6021B05A37004AD7E5 /* ProfileController.swift in Sources */,
			);
			runOnlyForDeploymentPostprocessing = 0;
		};
/* End PBXSourcesBuildPhase section */

/* Begin PBXVariantGroup section */
		ACFD0C5121B04BF1004AD7E5 /* Main.storyboard */ = {
			isa = PBXVariantGroup;
			children = (
				ACFD0C5221B04BF1004AD7E5 /* Base */,
			);
			name = Main.storyboard;
			sourceTree = "<group>";
		};
		ACFD0C5621B04BF1004AD7E5 /* LaunchScreen.storyboard */ = {
			isa = PBXVariantGroup;
			children = (
				ACFD0C5721B04BF1004AD7E5 /* Base */,
			);
			name = LaunchScreen.storyboard;
			sourceTree = "<group>";
		};
/* End PBXVariantGroup section */

/* Begin XCBuildConfiguration section */
		ACFD0C5A21B04BF1004AD7E5 /* Debug */ = {
			isa = XCBuildConfiguration;
			buildSettings = {
				ALWAYS_SEARCH_USER_PATHS = NO;
				CLANG_ANALYZER_NONNULL = YES;
				CLANG_ANALYZER_NUMBER_OBJECT_CONVERSION = YES_AGGRESSIVE;
				CLANG_CXX_LANGUAGE_STANDARD = "gnu++14";
				CLANG_CXX_LIBRARY = "libc++";
				CLANG_ENABLE_MODULES = YES;
				CLANG_ENABLE_OBJC_ARC = YES;
				CLANG_ENABLE_OBJC_WEAK = YES;
				CLANG_WARN_BLOCK_CAPTURE_AUTORELEASING = YES;
				CLANG_WARN_BOOL_CONVERSION = YES;
				CLANG_WARN_COMMA = YES;
				CLANG_WARN_CONSTANT_CONVERSION = YES;
				CLANG_WARN_DEPRECATED_OBJC_IMPLEMENTATIONS = YES;
				CLANG_WARN_DIRECT_OBJC_ISA_USAGE = YES_ERROR;
				CLANG_WARN_DOCUMENTATION_COMMENTS = YES;
				CLANG_WARN_EMPTY_BODY = YES;
				CLANG_WARN_ENUM_CONVERSION = YES;
				CLANG_WARN_INFINITE_RECURSION = YES;
				CLANG_WARN_INT_CONVERSION = YES;
				CLANG_WARN_NON_LITERAL_NULL_CONVERSION = YES;
				CLANG_WARN_OBJC_IMPLICIT_RETAIN_SELF = YES;
				CLANG_WARN_OBJC_LITERAL_CONVERSION = YES;
				CLANG_WARN_OBJC_ROOT_CLASS = YES_ERROR;
				CLANG_WARN_RANGE_LOOP_ANALYSIS = YES;
				CLANG_WARN_STRICT_PROTOTYPES = YES;
				CLANG_WARN_SUSPICIOUS_MOVE = YES;
				CLANG_WARN_UNGUARDED_AVAILABILITY = YES_AGGRESSIVE;
				CLANG_WARN_UNREACHABLE_CODE = YES;
				CLANG_WARN__DUPLICATE_METHOD_MATCH = YES;
				CODE_SIGN_IDENTITY = "iPhone Developer";
				COPY_PHASE_STRIP = NO;
				DEBUG_INFORMATION_FORMAT = dwarf;
				ENABLE_STRICT_OBJC_MSGSEND = YES;
				ENABLE_TESTABILITY = YES;
				GCC_C_LANGUAGE_STANDARD = gnu11;
				GCC_DYNAMIC_NO_PIC = NO;
				GCC_NO_COMMON_BLOCKS = YES;
				GCC_OPTIMIZATION_LEVEL = 0;
				GCC_PREPROCESSOR_DEFINITIONS = (
					"DEBUG=1",
					"$(inherited)",
				);
				GCC_WARN_64_TO_32_BIT_CONVERSION = YES;
				GCC_WARN_ABOUT_RETURN_TYPE = YES_ERROR;
				GCC_WARN_UNDECLARED_SELECTOR = YES;
				GCC_WARN_UNINITIALIZED_AUTOS = YES_AGGRESSIVE;
				GCC_WARN_UNUSED_FUNCTION = YES;
				GCC_WARN_UNUSED_VARIABLE = YES;
				IPHONEOS_DEPLOYMENT_TARGET = 11.4;
				MTL_ENABLE_DEBUG_INFO = YES;
				ONLY_ACTIVE_ARCH = YES;
				SDKROOT = iphoneos;
				SWIFT_ACTIVE_COMPILATION_CONDITIONS = DEBUG;
				SWIFT_OPTIMIZATION_LEVEL = "-Onone";
			};
			name = Debug;
		};
		ACFD0C5B21B04BF1004AD7E5 /* Release */ = {
			isa = XCBuildConfiguration;
			buildSettings = {
				ALWAYS_SEARCH_USER_PATHS = NO;
				CLANG_ANALYZER_NONNULL = YES;
				CLANG_ANALYZER_NUMBER_OBJECT_CONVERSION = YES_AGGRESSIVE;
				CLANG_CXX_LANGUAGE_STANDARD = "gnu++14";
				CLANG_CXX_LIBRARY = "libc++";
				CLANG_ENABLE_MODULES = YES;
				CLANG_ENABLE_OBJC_ARC = YES;
				CLANG_ENABLE_OBJC_WEAK = YES;
				CLANG_WARN_BLOCK_CAPTURE_AUTORELEASING = YES;
				CLANG_WARN_BOOL_CONVERSION = YES;
				CLANG_WARN_COMMA = YES;
				CLANG_WARN_CONSTANT_CONVERSION = YES;
				CLANG_WARN_DEPRECATED_OBJC_IMPLEMENTATIONS = YES;
				CLANG_WARN_DIRECT_OBJC_ISA_USAGE = YES_ERROR;
				CLANG_WARN_DOCUMENTATION_COMMENTS = YES;
				CLANG_WARN_EMPTY_BODY = YES;
				CLANG_WARN_ENUM_CONVERSION = YES;
				CLANG_WARN_INFINITE_RECURSION = YES;
				CLANG_WARN_INT_CONVERSION = YES;
				CLANG_WARN_NON_LITERAL_NULL_CONVERSION = YES;
				CLANG_WARN_OBJC_IMPLICIT_RETAIN_SELF = YES;
				CLANG_WARN_OBJC_LITERAL_CONVERSION = YES;
				CLANG_WARN_OBJC_ROOT_CLASS = YES_ERROR;
				CLANG_WARN_RANGE_LOOP_ANALYSIS = YES;
				CLANG_WARN_STRICT_PROTOTYPES = YES;
				CLANG_WARN_SUSPICIOUS_MOVE = YES;
				CLANG_WARN_UNGUARDED_AVAILABILITY = YES_AGGRESSIVE;
				CLANG_WARN_UNREACHABLE_CODE = YES;
				CLANG_WARN__DUPLICATE_METHOD_MATCH = YES;
				CODE_SIGN_IDENTITY = "iPhone Developer";
				COPY_PHASE_STRIP = NO;
				DEBUG_INFORMATION_FORMAT = "dwarf-with-dsym";
				ENABLE_NS_ASSERTIONS = NO;
				ENABLE_STRICT_OBJC_MSGSEND = YES;
				GCC_C_LANGUAGE_STANDARD = gnu11;
				GCC_NO_COMMON_BLOCKS = YES;
				GCC_WARN_64_TO_32_BIT_CONVERSION = YES;
				GCC_WARN_ABOUT_RETURN_TYPE = YES_ERROR;
				GCC_WARN_UNDECLARED_SELECTOR = YES;
				GCC_WARN_UNINITIALIZED_AUTOS = YES_AGGRESSIVE;
				GCC_WARN_UNUSED_FUNCTION = YES;
				GCC_WARN_UNUSED_VARIABLE = YES;
				IPHONEOS_DEPLOYMENT_TARGET = 11.4;
				MTL_ENABLE_DEBUG_INFO = NO;
				SDKROOT = iphoneos;
				SWIFT_COMPILATION_MODE = wholemodule;
				SWIFT_OPTIMIZATION_LEVEL = "-O";
				VALIDATE_PRODUCT = YES;
			};
			name = Release;
		};
		ACFD0C5D21B04BF1004AD7E5 /* Debug */ = {
			isa = XCBuildConfiguration;
			buildSettings = {
				ASSETCATALOG_COMPILER_APPICON_NAME = AppIcon;
				CODE_SIGN_STYLE = Automatic;
				INFOPLIST_FILE = Ricky_Hu_Project_3/Info.plist;
				LD_RUNPATH_SEARCH_PATHS = (
					"$(inherited)",
					"@executable_path/Frameworks",
				);
				PRODUCT_BUNDLE_IDENTIFIER = "rh.Ricky-Hu-Project-3";
				PRODUCT_NAME = "$(TARGET_NAME)";
				SWIFT_VERSION = 4.0;
				TARGETED_DEVICE_FAMILY = "1,2";
			};
			name = Debug;
		};
		ACFD0C5E21B04BF1004AD7E5 /* Release */ = {
			isa = XCBuildConfiguration;
			buildSettings = {
				ASSETCATALOG_COMPILER_APPICON_NAME = AppIcon;
				CODE_SIGN_STYLE = Automatic;
				INFOPLIST_FILE = Ricky_Hu_Project_3/Info.plist;
				LD_RUNPATH_SEARCH_PATHS = (
					"$(inherited)",
					"@executable_path/Frameworks",
				);
				PRODUCT_BUNDLE_IDENTIFIER = "rh.Ricky-Hu-Project-3";
				PRODUCT_NAME = "$(TARGET_NAME)";
				SWIFT_VERSION = 4.0;
				TARGETED_DEVICE_FAMILY = "1,2";
			};
			name = Release;
		};
/* End XCBuildConfiguration section */

/* Begin XCConfigurationList section */
		ACFD0C4521B04BF0004AD7E5 /* Build configuration list for PBXProject "Ricky_Hu_Project_3" */ = {
			isa = XCConfigurationList;
			buildConfigurations = (
				ACFD0C5A21B04BF1004AD7E5 /* Debug */,
				ACFD0C5B21B04BF1004AD7E5 /* Release */,
			);
			defaultConfigurationIsVisible = 0;
			defaultConfigurationName = Release;
		};
		ACFD0C5C21B04BF1004AD7E5 /* Build configuration list for PBXNativeTarget "Ricky_Hu_Project_3" */ = {
			isa = XCConfigurationList;
			buildConfigurations = (
				ACFD0C5D21B04BF1004AD7E5 /* Debug */,
				ACFD0C5E21B04BF1004AD7E5 /* Release */,
			);
			defaultConfigurationIsVisible = 0;
			defaultConfigurationName = Release;
		};
/* End XCConfigurationList section */
	};
	rootObject = ACFD0C4221B04BF0004AD7E5 /* Project object */;
}
